
Microsoft Visual Studio Solution File, Format Version 12.00
# Visual Studio 2013
VisualStudioVersion = 12.0.21005.1
MinimumVisualStudioVersion = 10.0.40219.1
Project("{2150E333-8FDC-42A3-9474-1A3956D46DE8}") = "test", "test", "{852785C1-85B4-44DD-A81E-0E7ACE7018D1}"
EndProject
Project("{2150E333-8FDC-42A3-9474-1A3956D46DE8}") = "demos", "demos", "{3F6964C9-8A90-4F72-82B6-5178A1DD9695}"
EndProject
Project("{2150E333-8FDC-42A3-9474-1A3956D46DE8}") = "Solution Items", "Solution Items", "{3185EF6A-BBFE-4284-B9E0-4143F90A1E9D}"
	ProjectSection(SolutionItems) = preProject
		License.txt = License.txt
		Readme.md = Readme.md
	EndProjectSection
EndProject
Project("{2150E333-8FDC-42A3-9474-1A3956D46DE8}") = "spec", "spec", "{8736DFD2-0D28-4636-8C61-88E26EF5BA82}"
EndProject
Project("{2150E333-8FDC-42A3-9474-1A3956D46DE8}") = "DesignTimeProperties", "DesignTimeProperties", "{2A643F65-E820-4464-9A9C-347ACA8D6896}"
EndProject
Project("{FAE04EC0-301F-11D3-BF4B-00C04F79EFBC}") = "CMContrib.WPF.Demo", "demos\CMContrib.WPF.Demo\CMContrib.WPF.Demo.csproj", "{B591FF84-1963-4078-8CEE-00494CAA9CE0}"
EndProject
Project("{FAE04EC0-301F-11D3-BF4B-00C04F79EFBC}") = "CMContrib.WPF", "src\CMContrib.WPF\CMContrib.WPF.csproj", "{026902EB-6B7D-4549-98A0-9E3E14DDCE63}"
EndProject
Project("{FAE04EC0-301F-11D3-BF4B-00C04F79EFBC}") = "CMContrib.SL", "src\CMContrib.SL\CMContrib.SL.csproj", "{00BEBA5F-71B3-45C0-AD68-D3BA60F96427}"
EndProject
Project("{FAE04EC0-301F-11D3-BF4B-00C04F79EFBC}") = "CMContrib.Test", "test\CMContrib.Test\CMContrib.Test.csproj", "{CEB90F99-CD77-4F7B-A199-8B7133AFAAF4}"
EndProject
Project("{FAE04EC0-301F-11D3-BF4B-00C04F79EFBC}") = "CMContrib.Spec", "spec\CMContrib.Spec\CMContrib.Spec.csproj", "{C809D8FF-B507-4221-9012-205C608D501D}"
EndProject
Project("{FAE04EC0-301F-11D3-BF4B-00C04F79EFBC}") = "DesignTimeProperties.WPF", "src\DesignTimeProperties\DesignTimeProperties.WPF\DesignTimeProperties.WPF.csproj", "{982FB578-ABA6-4796-ACF2-FB3E87C3E049}"
EndProject
Project("{FAE04EC0-301F-11D3-BF4B-00C04F79EFBC}") = "DesignTimeProperties.Silverlight", "src\DesignTimeProperties\DesignTimeProperties.Silverlight\DesignTimeProperties.Silverlight.csproj", "{55AF99C8-DE96-4AB3-ACA6-040CE6513E99}"
EndProject
Project("{FAE04EC0-301F-11D3-BF4B-00C04F79EFBC}") = "CMContrib.SL5", "src\CMContrib.SL5\CMContrib.SL5.csproj", "{B34177B9-94D0-4DFD-88D3-A5A85884F623}"
EndProject
Global
	GlobalSection(SolutionConfigurationPlatforms) = preSolution
		Debug|Any CPU = Debug|Any CPU
		Debug|Mixed Platforms = Debug|Mixed Platforms
		Debug|x86 = Debug|x86
		Release|Any CPU = Release|Any CPU
		Release|Mixed Platforms = Release|Mixed Platforms
		Release|x86 = Release|x86
	EndGlobalSection
	GlobalSection(ProjectConfigurationPlatforms) = postSolution
		{B591FF84-1963-4078-8CEE-00494CAA9CE0}.Debug|Any CPU.ActiveCfg = Debug|Any CPU
		{B591FF84-1963-4078-8CEE-00494CAA9CE0}.Debug|Any CPU.Build.0 = Debug|Any CPU
		{B591FF84-1963-4078-8CEE-00494CAA9CE0}.Debug|Mixed Platforms.ActiveCfg = Debug|Any CPU
		{B591FF84-1963-4078-8CEE-00494CAA9CE0}.Debug|Mixed Platforms.Build.0 = Debug|Any CPU
		{B591FF84-1963-4078-8CEE-00494CAA9CE0}.Debug|x86.ActiveCfg = Debug|Any CPU
		{B591FF84-1963-4078-8CEE-00494CAA9CE0}.Release|Any CPU.ActiveCfg = Release|Any CPU
		{B591FF84-1963-4078-8CEE-00494CAA9CE0}.Release|Any CPU.Build.0 = Release|Any CPU
		{B591FF84-1963-4078-8CEE-00494CAA9CE0}.Release|Mixed Platforms.ActiveCfg = Release|Any CPU
		{B591FF84-1963-4078-8CEE-00494CAA9CE0}.Release|Mixed Platforms.Build.0 = Release|Any CPU
		{B591FF84-1963-4078-8CEE-00494CAA9CE0}.Release|x86.ActiveCfg = Release|Any CPU
		{026902EB-6B7D-4549-98A0-9E3E14DDCE63}.Debug|Any CPU.ActiveCfg = Debug|Any CPU
		{026902EB-6B7D-4549-98A0-9E3E14DDCE63}.Debug|Any CPU.Build.0 = Debug|Any CPU
		{026902EB-6B7D-4549-98A0-9E3E14DDCE63}.Debug|Mixed Platforms.ActiveCfg = Debug|Any CPU
		{026902EB-6B7D-4549-98A0-9E3E14DDCE63}.Debug|Mixed Platforms.Build.0 = Debug|Any CPU
		{026902EB-6B7D-4549-98A0-9E3E14DDCE63}.Debug|x86.ActiveCfg = Debug|Any CPU
		{026902EB-6B7D-4549-98A0-9E3E14DDCE63}.Release|Any CPU.ActiveCfg = Release|Any CPU
		{026902EB-6B7D-4549-98A0-9E3E14DDCE63}.Release|Any CPU.Build.0 = Release|Any CPU
		{026902EB-6B7D-4549-98A0-9E3E14DDCE63}.Release|Mixed Platforms.ActiveCfg = Release|Any CPU
		{026902EB-6B7D-4549-98A0-9E3E14DDCE63}.Release|Mixed Platforms.Build.0 = Release|Any CPU
		{026902EB-6B7D-4549-98A0-9E3E14DDCE63}.Release|x86.ActiveCfg = Release|Any CPU
		{00BEBA5F-71B3-45C0-AD68-D3BA60F96427}.Debug|Any CPU.ActiveCfg = Debug|Any CPU
		{00BEBA5F-71B3-45C0-AD68-D3BA60F96427}.Debug|Any CPU.Build.0 = Debug|Any CPU
		{00BEBA5F-71B3-45C0-AD68-D3BA60F96427}.Debug|Mixed Platforms.ActiveCfg = Debug|Any CPU
		{00BEBA5F-71B3-45C0-AD68-D3BA60F96427}.Debug|Mixed Platforms.Build.0 = Debug|Any CPU
		{00BEBA5F-71B3-45C0-AD68-D3BA60F96427}.Debug|x86.ActiveCfg = Debug|Any CPU
		{00BEBA5F-71B3-45C0-AD68-D3BA60F96427}.Release|Any CPU.ActiveCfg = Release|Any CPU
		{00BEBA5F-71B3-45C0-AD68-D3BA60F96427}.Release|Any CPU.Build.0 = Release|Any CPU
		{00BEBA5F-71B3-45C0-AD68-D3BA60F96427}.Release|Mixed Platforms.ActiveCfg = Release|Any CPU
		{00BEBA5F-71B3-45C0-AD68-D3BA60F96427}.Release|Mixed Platforms.Build.0 = Release|Any CPU
		{00BEBA5F-71B3-45C0-AD68-D3BA60F96427}.Release|x86.ActiveCfg = Release|Any CPU
		{CEB90F99-CD77-4F7B-A199-8B7133AFAAF4}.Debug|Any CPU.ActiveCfg = Debug|Any CPU
		{CEB90F99-CD77-4F7B-A199-8B7133AFAAF4}.Debug|Any CPU.Build.0 = Debug|Any CPU
		{CEB90F99-CD77-4F7B-A199-8B7133AFAAF4}.Debug|Mixed Platforms.ActiveCfg = Debug|Any CPU
		{CEB90F99-CD77-4F7B-A199-8B7133AFAAF4}.Debug|Mixed Platforms.Build.0 = Debug|Any CPU
		{CEB90F99-CD77-4F7B-A199-8B7133AFAAF4}.Debug|x86.ActiveCfg = Debug|Any CPU
		{CEB90F99-CD77-4F7B-A199-8B7133AFAAF4}.Release|Any CPU.ActiveCfg = Release|Any CPU
		{CEB90F99-CD77-4F7B-A199-8B7133AFAAF4}.Release|Any CPU.Build.0 = Release|Any CPU
		{CEB90F99-CD77-4F7B-A199-8B7133AFAAF4}.Release|Mixed Platforms.ActiveCfg = Release|Any CPU
		{CEB90F99-CD77-4F7B-A199-8B7133AFAAF4}.Release|x86.ActiveCfg = Release|Any CPU
		{C809D8FF-B507-4221-9012-205C608D501D}.Debug|Any CPU.ActiveCfg = Debug|Any CPU
		{C809D8FF-B507-4221-9012-205C608D501D}.Debug|Any CPU.Build.0 = Debug|Any CPU
		{C809D8FF-B507-4221-9012-205C608D501D}.Debug|Mixed Platforms.ActiveCfg = Debug|Any CPU
		{C809D8FF-B507-4221-9012-205C608D501D}.Debug|Mixed Platforms.Build.0 = Debug|Any CPU
		{C809D8FF-B507-4221-9012-205C608D501D}.Debug|x86.ActiveCfg = Debug|Any CPU
		{C809D8FF-B507-4221-9012-205C608D501D}.Release|Any CPU.ActiveCfg = Release|Any CPU
		{C809D8FF-B507-4221-9012-205C608D501D}.Release|Any CPU.Build.0 = Release|Any CPU
		{C809D8FF-B507-4221-9012-205C608D501D}.Release|Mixed Platforms.ActiveCfg = Release|Any CPU
		{C809D8FF-B507-4221-9012-205C608D501D}.Release|x86.ActiveCfg = Release|Any CPU
		{982FB578-ABA6-4796-ACF2-FB3E87C3E049}.Debug|Any CPU.ActiveCfg = Debug|Any CPU
		{982FB578-ABA6-4796-ACF2-FB3E87C3E049}.Debug|Any CPU.Build.0 = Debug|Any CPU
		{982FB578-ABA6-4796-ACF2-FB3E87C3E049}.Debug|Mixed Platforms.ActiveCfg = Debug|Any CPU
		{982FB578-ABA6-4796-ACF2-FB3E87C3E049}.Debug|Mixed Platforms.Build.0 = Debug|Any CPU
		{982FB578-ABA6-4796-ACF2-FB3E87C3E049}.Debug|x86.ActiveCfg = Debug|Any CPU
		{982FB578-ABA6-4796-ACF2-FB3E87C3E049}.Release|Any CPU.ActiveCfg = Release|Any CPU
		{982FB578-ABA6-4796-ACF2-FB3E87C3E049}.Release|Any CPU.Build.0 = Release|Any CPU
		{982FB578-ABA6-4796-ACF2-FB3E87C3E049}.Release|Mixed Platforms.ActiveCfg = Release|Any CPU
		{982FB578-ABA6-4796-ACF2-FB3E87C3E049}.Release|Mixed Platforms.Build.0 = Release|Any CPU
		{982FB578-ABA6-4796-ACF2-FB3E87C3E049}.Release|x86.ActiveCfg = Release|Any CPU
		{55AF99C8-DE96-4AB3-ACA6-040CE6513E99}.Debug|Any CPU.ActiveCfg = Debug|Any CPU
		{55AF99C8-DE96-4AB3-ACA6-040CE6513E99}.Debug|Any CPU.Build.0 = Debug|Any CPU
		{55AF99C8-DE96-4AB3-ACA6-040CE6513E99}.Debug|Mixed Platforms.ActiveCfg = Debug|Any CPU
		{55AF99C8-DE96-4AB3-ACA6-040CE6513E99}.Debug|Mixed Platforms.Build.0 = Debug|Any CPU
		{55AF99C8-DE96-4AB3-ACA6-040CE6513E99}.Debug|x86.ActiveCfg = Debug|Any CPU
		{55AF99C8-DE96-4AB3-ACA6-040CE6513E99}.Release|Any CPU.ActiveCfg = Release|Any CPU
		{55AF99C8-DE96-4AB3-ACA6-040CE6513E99}.Release|Any CPU.Build.0 = Release|Any CPU
		{55AF99C8-DE96-4AB3-ACA6-040CE6513E99}.Release|Mixed Platforms.ActiveCfg = Release|Any CPU
		{55AF99C8-DE96-4AB3-ACA6-040CE6513E99}.Release|Mixed Platforms.Build.0 = Release|Any CPU
		{55AF99C8-DE96-4AB3-ACA6-040CE6513E99}.Release|x86.ActiveCfg = Release|Any CPU
		{B34177B9-94D0-4DFD-88D3-A5A85884F623}.Debug|Any CPU.ActiveCfg = Debug|Any CPU
		{B34177B9-94D0-4DFD-88D3-A5A85884F623}.Debug|Any CPU.Build.0 = Debug|Any CPU
		{B34177B9-94D0-4DFD-88D3-A5A85884F623}.Debug|Mixed Platforms.ActiveCfg = Debug|Any CPU
		{B34177B9-94D0-4DFD-88D3-A5A85884F623}.Debug|Mixed Platforms.Build.0 = Debug|Any CPU
		{B34177B9-94D0-4DFD-88D3-A5A85884F623}.Debug|x86.ActiveCfg = Debug|Any CPU
		{B34177B9-94D0-4DFD-88D3-A5A85884F623}.Release|Any CPU.ActiveCfg = Release|Any CPU
		{B34177B9-94D0-4DFD-88D3-A5A85884F623}.Release|Any CPU.Build.0 = Release|Any CPU
		{B34177B9-94D0-4DFD-88D3-A5A85884F623}.Release|Mixed Platforms.ActiveCfg = Release|Any CPU
		{B34177B9-94D0-4DFD-88D3-A5A85884F623}.Release|Mixed Platforms.Build.0 = Release|Any CPU
		{B34177B9-94D0-4DFD-88D3-A5A85884F623}.Release|x86.ActiveCfg = Release|Any CPU
	EndGlobalSection
	GlobalSection(SolutionProperties) = preSolution
		HideSolutionNode = FALSE
	EndGlobalSection
	GlobalSection(NestedProjects) = preSolution
		{CEB90F99-CD77-4F7B-A199-8B7133AFAAF4} = {852785C1-85B4-44DD-A81E-0E7ACE7018D1}
		{B591FF84-1963-4078-8CEE-00494CAA9CE0} = {3F6964C9-8A90-4F72-82B6-5178A1DD9695}
		{C809D8FF-B507-4221-9012-205C608D501D} = {8736DFD2-0D28-4636-8C61-88E26EF5BA82}
		{982FB578-ABA6-4796-ACF2-FB3E87C3E049} = {2A643F65-E820-4464-9A9C-347ACA8D6896}
		{55AF99C8-DE96-4AB3-ACA6-040CE6513E99} = {2A643F65-E820-4464-9A9C-347ACA8D6896}
	EndGlobalSection
EndGlobal
